<?xml version="1.0" encoding="UTF-8"?>
<CodeBlocks_project_file>
	<FileVersion major="1" minor="6"/>
	<Project>
		<Option title="SecuCrypto"/>
		<Option makefile_is_custom="1"/>
		<Option compiler="clang"/>
		<Option virtualFolders="CMake Files\;CMake Files\MimeParser\;CMake Files\SecuCrypto\;"/>
		<Build>
			<Target title="all">
				<Option working_dir="/Users/lorenzoferrante/seculib/SecuCrypto"/>
				<Option type="4"/>
				<MakeCommands>
					<Build command="/usr/bin/make -j4 -f &quot;/Users/lorenzoferrante/seculib/SecuCrypto/Makefile&quot;  VERBOSE=1 all"/>
					<CompileFile command="/usr/bin/make -j4 -f &quot;/Users/lorenzoferrante/seculib/SecuCrypto/Makefile&quot;  VERBOSE=1 &quot;$file&quot;"/>
					<Clean command="/usr/bin/make -j4 -f &quot;/Users/lorenzoferrante/seculib/SecuCrypto/Makefile&quot;  VERBOSE=1 clean"/>
					<DistClean command="/usr/bin/make -j4 -f &quot;/Users/lorenzoferrante/seculib/SecuCrypto/Makefile&quot;  VERBOSE=1 clean"/>
				</MakeCommands>
			</Target>
			<Target title="SecuCrypto">
				<Option output="/Users/lorenzoferrante/seculib/SecuCrypto/libSecuCrypto.a" prefix_auto="0" extension_auto="0"/>
				<Option working_dir="/Users/lorenzoferrante/seculib/SecuCrypto"/>
				<Option object_output="./"/>
				<Option type="2"/>
				<Option compiler="clang"/>
				<Compiler>
					<Add directory="/Users/lorenzoferrante/seculib"/>
					<Add directory="/Users/lorenzoferrante/seculib/MimeParser/include"/>
					<Add directory="/Users/lorenzoferrante/seculib/SecuCrypto/include"/>
					<Add directory="/Users/lorenzoferrante/seculib/C:/OpenSSL-Win32/include"/>
					<Add directory="/Users/lorenzoferrante/seculib/SecuCrypto/C:/OpenSSL-Win32/include"/>
					<Add directory="/Applications/Xcode.app/Contents/Developer/Toolchains/XcodeDefault.xctoolchain/usr/bin/../include/c++/v1"/>
					<Add directory="/usr/local/include"/>
					<Add directory="/Applications/Xcode.app/Contents/Developer/Toolchains/XcodeDefault.xctoolchain/usr/bin/../lib/clang/8.0.0/include"/>
					<Add directory="/Applications/Xcode.app/Contents/Developer/Toolchains/XcodeDefault.xctoolchain/usr/include"/>
					<Add directory="/usr/include"/>
					<Add directory="/System/Library/Frameworks"/>
					<Add directory="/Library/Frameworks"/>
				</Compiler>
				<MakeCommands>
					<Build command="/usr/bin/make -j4 -f &quot;/Users/lorenzoferrante/seculib/SecuCrypto/Makefile&quot;  VERBOSE=1 SecuCrypto"/>
					<CompileFile command="/usr/bin/make -j4 -f &quot;/Users/lorenzoferrante/seculib/SecuCrypto/Makefile&quot;  VERBOSE=1 &quot;$file&quot;"/>
					<Clean command="/usr/bin/make -j4 -f &quot;/Users/lorenzoferrante/seculib/SecuCrypto/Makefile&quot;  VERBOSE=1 clean"/>
					<DistClean command="/usr/bin/make -j4 -f &quot;/Users/lorenzoferrante/seculib/SecuCrypto/Makefile&quot;  VERBOSE=1 clean"/>
				</MakeCommands>
			</Target>
			<Target title="SecuCrypto/fast">
				<Option output="/Users/lorenzoferrante/seculib/SecuCrypto/libSecuCrypto.a" prefix_auto="0" extension_auto="0"/>
				<Option working_dir="/Users/lorenzoferrante/seculib/SecuCrypto"/>
				<Option object_output="./"/>
				<Option type="2"/>
				<Option compiler="clang"/>
				<Compiler>
					<Add directory="/Users/lorenzoferrante/seculib"/>
					<Add directory="/Users/lorenzoferrante/seculib/MimeParser/include"/>
					<Add directory="/Users/lorenzoferrante/seculib/SecuCrypto/include"/>
					<Add directory="/Users/lorenzoferrante/seculib/C:/OpenSSL-Win32/include"/>
					<Add directory="/Users/lorenzoferrante/seculib/SecuCrypto/C:/OpenSSL-Win32/include"/>
					<Add directory="/Applications/Xcode.app/Contents/Developer/Toolchains/XcodeDefault.xctoolchain/usr/bin/../include/c++/v1"/>
					<Add directory="/usr/local/include"/>
					<Add directory="/Applications/Xcode.app/Contents/Developer/Toolchains/XcodeDefault.xctoolchain/usr/bin/../lib/clang/8.0.0/include"/>
					<Add directory="/Applications/Xcode.app/Contents/Developer/Toolchains/XcodeDefault.xctoolchain/usr/include"/>
					<Add directory="/usr/include"/>
					<Add directory="/System/Library/Frameworks"/>
					<Add directory="/Library/Frameworks"/>
				</Compiler>
				<MakeCommands>
					<Build command="/usr/bin/make -j4 -f &quot;/Users/lorenzoferrante/seculib/SecuCrypto/Makefile&quot;  VERBOSE=1 SecuCrypto/fast"/>
					<CompileFile command="/usr/bin/make -j4 -f &quot;/Users/lorenzoferrante/seculib/SecuCrypto/Makefile&quot;  VERBOSE=1 &quot;$file&quot;"/>
					<Clean command="/usr/bin/make -j4 -f &quot;/Users/lorenzoferrante/seculib/SecuCrypto/Makefile&quot;  VERBOSE=1 clean"/>
					<DistClean command="/usr/bin/make -j4 -f &quot;/Users/lorenzoferrante/seculib/SecuCrypto/Makefile&quot;  VERBOSE=1 clean"/>
				</MakeCommands>
			</Target>
		</Build>
		<Unit filename="/Users/lorenzoferrante/seculib/SecuCrypto/include/SecuCrypto.hpp">
			<Option target="SecuCrypto"/>
		</Unit>
		<Unit filename="/Users/lorenzoferrante/seculib/SecuCrypto/src/SecuCrypto.cpp">
			<Option target="SecuCrypto"/>
		</Unit>
		<Unit filename="/Users/lorenzoferrante/seculib/CMakeLists.txt">
			<Option virtualFolder="CMake Files\"/>
		</Unit>
		<Unit filename="/Users/lorenzoferrante/seculib/MimeParser/CMakeLists.txt">
			<Option virtualFolder="CMake Files\MimeParser\"/>
		</Unit>
		<Unit filename="/Users/lorenzoferrante/seculib/MimeParser/MimeParser.pc.in">
			<Option virtualFolder="CMake Files\MimeParser\"/>
		</Unit>
		<Unit filename="/Users/lorenzoferrante/seculib/MimeParser/CMakeLists.txt">
			<Option virtualFolder="CMake Files\MimeParser\"/>
		</Unit>
		<Unit filename="/Users/lorenzoferrante/seculib/MimeParser/MimeParser.pc.in">
			<Option virtualFolder="CMake Files\MimeParser\"/>
		</Unit>
		<Unit filename="/Users/lorenzoferrante/seculib/SecuCrypto/CMakeLists.txt">
			<Option virtualFolder="CMake Files\SecuCrypto\"/>
		</Unit>
		<Unit filename="/Users/lorenzoferrante/seculib/SecuCrypto/SecuCrypto.pc.in">
			<Option virtualFolder="CMake Files\SecuCrypto\"/>
		</Unit>
		<Unit filename="/Users/lorenzoferrante/seculib/SecuCrypto/CMakeLists.txt">
			<Option virtualFolder="CMake Files\SecuCrypto\"/>
		</Unit>
		<Unit filename="/Users/lorenzoferrante/seculib/SecuCrypto/SecuCrypto.pc.in">
			<Option virtualFolder="CMake Files\SecuCrypto\"/>
		</Unit>
	</Project>
</CodeBlocks_project_file>
