Microsoft Visual Studio Solution File, Format Version 12.00
# Visual Studio 15
Project("{8BC9CEB8-8B4A-11D0-8D11-00A0C91BC942}") = "ALL_BUILD", "ALL_BUILD.vcxproj", "{90A15433-42F6-360E-ADA2-D6B1FD8FACA4}"
	ProjectSection(ProjectDependencies) = postProject
		{C5E1A98B-0AEC-3EA5-8F4B-C9220D095CC2} = {C5E1A98B-0AEC-3EA5-8F4B-C9220D095CC2}
		{6A72DF99-F9A8-3B8F-A365-F4BE39BCE151} = {6A72DF99-F9A8-3B8F-A365-F4BE39BCE151}
	EndProjectSection
EndProject
Project("{8BC9CEB8-8B4A-11D0-8D11-00A0C91BC942}") = "SecuCrypto", "SecuCrypto.vcxproj", "{C5E1A98B-0AEC-3EA5-8F4B-C9220D095CC2}"
	ProjectSection(ProjectDependencies) = postProject
		{6A72DF99-F9A8-3B8F-A365-F4BE39BCE151} = {6A72DF99-F9A8-3B8F-A365-F4BE39BCE151}
	EndProjectSection
EndProject
Project("{8BC9CEB8-8B4A-11D0-8D11-00A0C91BC942}") = "ZERO_CHECK", "..\\ZERO_CHECK.vcxproj", "{6A72DF99-F9A8-3B8F-A365-F4BE39BCE151}"
	ProjectSection(ProjectDependencies) = postProject
	EndProjectSection
EndProject
Global
	GlobalSection(SolutionConfigurationPlatforms) = preSolution
		Debug|Win32 = Debug|Win32
		Release|Win32 = Release|Win32
		MinSizeRel|Win32 = MinSizeRel|Win32
		RelWithDebInfo|Win32 = RelWithDebInfo|Win32
	EndGlobalSection
	GlobalSection(ProjectConfigurationPlatforms) = postSolution
		{90A15433-42F6-360E-ADA2-D6B1FD8FACA4}.Debug|Win32.ActiveCfg = Debug|Win32
		{90A15433-42F6-360E-ADA2-D6B1FD8FACA4}.Release|Win32.ActiveCfg = Release|Win32
		{90A15433-42F6-360E-ADA2-D6B1FD8FACA4}.MinSizeRel|Win32.ActiveCfg = MinSizeRel|Win32
		{90A15433-42F6-360E-ADA2-D6B1FD8FACA4}.RelWithDebInfo|Win32.ActiveCfg = RelWithDebInfo|Win32
		{C5E1A98B-0AEC-3EA5-8F4B-C9220D095CC2}.Debug|Win32.ActiveCfg = Debug|Win32
		{C5E1A98B-0AEC-3EA5-8F4B-C9220D095CC2}.Debug|Win32.Build.0 = Debug|Win32
		{C5E1A98B-0AEC-3EA5-8F4B-C9220D095CC2}.Release|Win32.ActiveCfg = Release|Win32
		{C5E1A98B-0AEC-3EA5-8F4B-C9220D095CC2}.Release|Win32.Build.0 = Release|Win32
		{C5E1A98B-0AEC-3EA5-8F4B-C9220D095CC2}.MinSizeRel|Win32.ActiveCfg = MinSizeRel|Win32
		{C5E1A98B-0AEC-3EA5-8F4B-C9220D095CC2}.MinSizeRel|Win32.Build.0 = MinSizeRel|Win32
		{C5E1A98B-0AEC-3EA5-8F4B-C9220D095CC2}.RelWithDebInfo|Win32.ActiveCfg = RelWithDebInfo|Win32
		{C5E1A98B-0AEC-3EA5-8F4B-C9220D095CC2}.RelWithDebInfo|Win32.Build.0 = RelWithDebInfo|Win32
		{6A72DF99-F9A8-3B8F-A365-F4BE39BCE151}.Debug|Win32.ActiveCfg = Debug|Win32
		{6A72DF99-F9A8-3B8F-A365-F4BE39BCE151}.Debug|Win32.Build.0 = Debug|Win32
		{6A72DF99-F9A8-3B8F-A365-F4BE39BCE151}.Release|Win32.ActiveCfg = Release|Win32
		{6A72DF99-F9A8-3B8F-A365-F4BE39BCE151}.Release|Win32.Build.0 = Release|Win32
		{6A72DF99-F9A8-3B8F-A365-F4BE39BCE151}.MinSizeRel|Win32.ActiveCfg = MinSizeRel|Win32
		{6A72DF99-F9A8-3B8F-A365-F4BE39BCE151}.MinSizeRel|Win32.Build.0 = MinSizeRel|Win32
		{6A72DF99-F9A8-3B8F-A365-F4BE39BCE151}.RelWithDebInfo|Win32.ActiveCfg = RelWithDebInfo|Win32
		{6A72DF99-F9A8-3B8F-A365-F4BE39BCE151}.RelWithDebInfo|Win32.Build.0 = RelWithDebInfo|Win32
	EndGlobalSection
	GlobalSection(ExtensibilityGlobals) = postSolution
		SolutionGuid = {F69A93F5-8D7B-32D7-820A-47EB292E8228}
	EndGlobalSection
	GlobalSection(ExtensibilityAddIns) = postSolution
	EndGlobalSection
EndGlobal
